
Microsoft Visual Studio Solution File, Format Version 11.00
# Visual Studio 2010
Project("{FAE04EC0-301F-11D3-BF4B-00C04F79EFBC}") = "ProfitSalesForecast", "ProfitSalesForecast.csproj", "{116A682E-B23B-4F79-AA98-FFF8BE5B78AF}"
EndProject
Project("{FAE04EC0-301F-11D3-BF4B-00C04F79EFBC}") = "ProfitSalesForecast.Web", "..\ProfitSalesForecast.Web\ProfitSalesForecast.Web.csproj", "{8E2896ED-FD2C-4E77-BE0C-FE5041F08BD4}"
EndProject
Global
	GlobalSection(SolutionConfigurationPlatforms) = preSolution
		Debug|Any CPU = Debug|Any CPU
		Release|Any CPU = Release|Any CPU
	EndGlobalSection
	GlobalSection(ProjectConfigurationPlatforms) = postSolution
		{116A682E-B23B-4F79-AA98-FFF8BE5B78AF}.Debug|Any CPU.ActiveCfg = Debug|Any CPU
		{116A682E-B23B-4F79-AA98-FFF8BE5B78AF}.Debug|Any CPU.Build.0 = Debug|Any CPU
		{116A682E-B23B-4F79-AA98-FFF8BE5B78AF}.Release|Any CPU.ActiveCfg = Release|Any CPU
		{116A682E-B23B-4F79-AA98-FFF8BE5B78AF}.Release|Any CPU.Build.0 = Release|Any CPU
		{8E2896ED-FD2C-4E77-BE0C-FE5041F08BD4}.Debug|Any CPU.ActiveCfg = Debug|Any CPU
		{8E2896ED-FD2C-4E77-BE0C-FE5041F08BD4}.Debug|Any CPU.Build.0 = Debug|Any CPU
		{8E2896ED-FD2C-4E77-BE0C-FE5041F08BD4}.Release|Any CPU.ActiveCfg = Release|Any CPU
		{8E2896ED-FD2C-4E77-BE0C-FE5041F08BD4}.Release|Any CPU.Build.0 = Release|Any CPU
	EndGlobalSection
	GlobalSection(SolutionProperties) = preSolution
		HideSolutionNode = FALSE
	EndGlobalSection
EndGlobal
