
Microsoft Visual Studio Solution File, Format Version 11.00
# Visual Studio 2010
Project("{FAE04EC0-301F-11D3-BF4B-00C04F79EFBC}") = "Chapter3_PersistingLocalData", "Chapter3_PersistingLocalData.csproj", "{00CD26DB-89E8-4355-AF06-2354D5412FD1}"
EndProject
Project("{FAE04EC0-301F-11D3-BF4B-00C04F79EFBC}") = "Chapter3_PersistingLocalData.Web", "..\Chapter3_PersistingLocalData.Web\Chapter3_PersistingLocalData.Web.csproj", "{69C92E23-3917-4E85-BDF8-B19BB20C7356}"
EndProject
Global
	GlobalSection(SolutionConfigurationPlatforms) = preSolution
		Debug|Any CPU = Debug|Any CPU
		Release|Any CPU = Release|Any CPU
	EndGlobalSection
	GlobalSection(ProjectConfigurationPlatforms) = postSolution
		{00CD26DB-89E8-4355-AF06-2354D5412FD1}.Debug|Any CPU.ActiveCfg = Debug|Any CPU
		{00CD26DB-89E8-4355-AF06-2354D5412FD1}.Debug|Any CPU.Build.0 = Debug|Any CPU
		{00CD26DB-89E8-4355-AF06-2354D5412FD1}.Release|Any CPU.ActiveCfg = Release|Any CPU
		{00CD26DB-89E8-4355-AF06-2354D5412FD1}.Release|Any CPU.Build.0 = Release|Any CPU
		{69C92E23-3917-4E85-BDF8-B19BB20C7356}.Debug|Any CPU.ActiveCfg = Debug|Any CPU
		{69C92E23-3917-4E85-BDF8-B19BB20C7356}.Debug|Any CPU.Build.0 = Debug|Any CPU
		{69C92E23-3917-4E85-BDF8-B19BB20C7356}.Release|Any CPU.ActiveCfg = Release|Any CPU
		{69C92E23-3917-4E85-BDF8-B19BB20C7356}.Release|Any CPU.Build.0 = Release|Any CPU
	EndGlobalSection
	GlobalSection(SolutionProperties) = preSolution
		HideSolutionNode = FALSE
	EndGlobalSection
EndGlobal
