
Microsoft Visual Studio Solution File, Format Version 11.00
# Visual Studio 2010
Project("{FAE04EC0-301F-11D3-BF4B-00C04F79EFBC}") = "Chapter7_EnvironmentDataVisualization", "Chapter7_EnvironmentDataVisualization\Chapter7_EnvironmentDataVisualization.csproj", "{3C3DD32F-67B0-47F7-978E-D5B58F7D935A}"
EndProject
Project("{FAE04EC0-301F-11D3-BF4B-00C04F79EFBC}") = "Chapter7_EnvironmentDataVisualization.Web", "Chapter7_EnvironmentDataVisualization.Web\Chapter7_EnvironmentDataVisualization.Web.csproj", "{64722202-BD06-4080-A444-D1D6C5AC909A}"
EndProject
Global
	GlobalSection(SolutionConfigurationPlatforms) = preSolution
		Debug|Any CPU = Debug|Any CPU
		Release|Any CPU = Release|Any CPU
	EndGlobalSection
	GlobalSection(ProjectConfigurationPlatforms) = postSolution
		{3C3DD32F-67B0-47F7-978E-D5B58F7D935A}.Debug|Any CPU.ActiveCfg = Debug|Any CPU
		{3C3DD32F-67B0-47F7-978E-D5B58F7D935A}.Debug|Any CPU.Build.0 = Debug|Any CPU
		{3C3DD32F-67B0-47F7-978E-D5B58F7D935A}.Release|Any CPU.ActiveCfg = Release|Any CPU
		{3C3DD32F-67B0-47F7-978E-D5B58F7D935A}.Release|Any CPU.Build.0 = Release|Any CPU
		{64722202-BD06-4080-A444-D1D6C5AC909A}.Debug|Any CPU.ActiveCfg = Debug|Any CPU
		{64722202-BD06-4080-A444-D1D6C5AC909A}.Debug|Any CPU.Build.0 = Debug|Any CPU
		{64722202-BD06-4080-A444-D1D6C5AC909A}.Release|Any CPU.ActiveCfg = Release|Any CPU
		{64722202-BD06-4080-A444-D1D6C5AC909A}.Release|Any CPU.Build.0 = Release|Any CPU
	EndGlobalSection
	GlobalSection(SolutionProperties) = preSolution
		HideSolutionNode = FALSE
	EndGlobalSection
EndGlobal
