
Microsoft Visual Studio Solution File, Format Version 11.00
# Visual Studio 2010
Project("{FAE04EC0-301F-11D3-BF4B-00C04F79EFBC}") = "Chapter5_GeographicDataVis", "Chapter5_GeographicDataVis\Chapter5_GeographicDataVis.csproj", "{D2B1E104-478F-4E45-BC75-FCF9F17494FA}"
EndProject
Project("{FAE04EC0-301F-11D3-BF4B-00C04F79EFBC}") = "Chapter5_GeographicDataVis.Web", "Chapter5_GeographicDataVis.Web\Chapter5_GeographicDataVis.Web.csproj", "{E795D777-934A-4182-8DB3-ACA7AAF059A2}"
EndProject
Global
	GlobalSection(SolutionConfigurationPlatforms) = preSolution
		Debug|Any CPU = Debug|Any CPU
		Release|Any CPU = Release|Any CPU
	EndGlobalSection
	GlobalSection(ProjectConfigurationPlatforms) = postSolution
		{D2B1E104-478F-4E45-BC75-FCF9F17494FA}.Debug|Any CPU.ActiveCfg = Debug|Any CPU
		{D2B1E104-478F-4E45-BC75-FCF9F17494FA}.Debug|Any CPU.Build.0 = Debug|Any CPU
		{D2B1E104-478F-4E45-BC75-FCF9F17494FA}.Release|Any CPU.ActiveCfg = Release|Any CPU
		{D2B1E104-478F-4E45-BC75-FCF9F17494FA}.Release|Any CPU.Build.0 = Release|Any CPU
		{E795D777-934A-4182-8DB3-ACA7AAF059A2}.Debug|Any CPU.ActiveCfg = Debug|Any CPU
		{E795D777-934A-4182-8DB3-ACA7AAF059A2}.Debug|Any CPU.Build.0 = Debug|Any CPU
		{E795D777-934A-4182-8DB3-ACA7AAF059A2}.Release|Any CPU.ActiveCfg = Release|Any CPU
		{E795D777-934A-4182-8DB3-ACA7AAF059A2}.Release|Any CPU.Build.0 = Release|Any CPU
	EndGlobalSection
	GlobalSection(SolutionProperties) = preSolution
		HideSolutionNode = FALSE
	EndGlobalSection
EndGlobal
