
Microsoft Visual Studio Solution File, Format Version 11.00
# Visual Studio 2010
Project("{FAE04EC0-301F-11D3-BF4B-00C04F79EFBC}") = "Chapter4_InteractiveDataPaging", "Chapter4_InteractiveDataPaging\Chapter4_InteractiveDataPaging.csproj", "{F1FDC92F-D2CF-4597-A82D-D52C34B951C8}"
EndProject
Project("{FAE04EC0-301F-11D3-BF4B-00C04F79EFBC}") = "Chapter4_InteractiveDataPaging.Web", "Chapter4_InteractiveDataPaging.Web\Chapter4_InteractiveDataPaging.Web.csproj", "{DB0527F9-74FE-484C-B28B-61F70BB52EA4}"
EndProject
Global
	GlobalSection(SolutionConfigurationPlatforms) = preSolution
		Debug|Any CPU = Debug|Any CPU
		Release|Any CPU = Release|Any CPU
	EndGlobalSection
	GlobalSection(ProjectConfigurationPlatforms) = postSolution
		{F1FDC92F-D2CF-4597-A82D-D52C34B951C8}.Debug|Any CPU.ActiveCfg = Debug|Any CPU
		{F1FDC92F-D2CF-4597-A82D-D52C34B951C8}.Debug|Any CPU.Build.0 = Debug|Any CPU
		{F1FDC92F-D2CF-4597-A82D-D52C34B951C8}.Release|Any CPU.ActiveCfg = Release|Any CPU
		{F1FDC92F-D2CF-4597-A82D-D52C34B951C8}.Release|Any CPU.Build.0 = Release|Any CPU
		{DB0527F9-74FE-484C-B28B-61F70BB52EA4}.Debug|Any CPU.ActiveCfg = Debug|Any CPU
		{DB0527F9-74FE-484C-B28B-61F70BB52EA4}.Debug|Any CPU.Build.0 = Debug|Any CPU
		{DB0527F9-74FE-484C-B28B-61F70BB52EA4}.Release|Any CPU.ActiveCfg = Release|Any CPU
		{DB0527F9-74FE-484C-B28B-61F70BB52EA4}.Release|Any CPU.Build.0 = Release|Any CPU
	EndGlobalSection
	GlobalSection(SolutionProperties) = preSolution
		HideSolutionNode = FALSE
	EndGlobalSection
EndGlobal
