
Microsoft Visual Studio Solution File, Format Version 11.00
# Visual Studio 2010
Project("{FAE04EC0-301F-11D3-BF4B-00C04F79EFBC}") = "Chapter6_TrendAnalysis", "Chapter6_TrendAnalysis\Chapter6_TrendAnalysis.csproj", "{CBFC4777-0069-46D6-AD61-AA594E331972}"
EndProject
Project("{FAE04EC0-301F-11D3-BF4B-00C04F79EFBC}") = "Chapter6_TrendAnalysis.Web", "Chapter6_TrendAnalysis.Web\Chapter6_TrendAnalysis.Web.csproj", "{710E9C4E-23C3-4ADC-BEAF-1E3C03EF3F88}"
EndProject
Global
	GlobalSection(SolutionConfigurationPlatforms) = preSolution
		Debug|Any CPU = Debug|Any CPU
		Release|Any CPU = Release|Any CPU
	EndGlobalSection
	GlobalSection(ProjectConfigurationPlatforms) = postSolution
		{CBFC4777-0069-46D6-AD61-AA594E331972}.Debug|Any CPU.ActiveCfg = Debug|Any CPU
		{CBFC4777-0069-46D6-AD61-AA594E331972}.Debug|Any CPU.Build.0 = Debug|Any CPU
		{CBFC4777-0069-46D6-AD61-AA594E331972}.Release|Any CPU.ActiveCfg = Release|Any CPU
		{CBFC4777-0069-46D6-AD61-AA594E331972}.Release|Any CPU.Build.0 = Release|Any CPU
		{710E9C4E-23C3-4ADC-BEAF-1E3C03EF3F88}.Debug|Any CPU.ActiveCfg = Debug|Any CPU
		{710E9C4E-23C3-4ADC-BEAF-1E3C03EF3F88}.Debug|Any CPU.Build.0 = Debug|Any CPU
		{710E9C4E-23C3-4ADC-BEAF-1E3C03EF3F88}.Release|Any CPU.ActiveCfg = Release|Any CPU
		{710E9C4E-23C3-4ADC-BEAF-1E3C03EF3F88}.Release|Any CPU.Build.0 = Release|Any CPU
	EndGlobalSection
	GlobalSection(SolutionProperties) = preSolution
		HideSolutionNode = FALSE
	EndGlobalSection
EndGlobal
