
Microsoft Visual Studio Solution File, Format Version 11.00
# Visual Studio 2010
Project("{FAE04EC0-301F-11D3-BF4B-00C04F79EFBC}") = "AppendixB_BulletGraphScenarios", "AppendixB_BulletGraphScenarios\AppendixB_BulletGraphScenarios.csproj", "{6C9E17A5-F0C8-4330-A673-2EF38431A675}"
EndProject
Project("{FAE04EC0-301F-11D3-BF4B-00C04F79EFBC}") = "AppendixB_BulletGraphScenarios.Web", "AppendixB_BulletGraphScenarios.Web\AppendixB_BulletGraphScenarios.Web.csproj", "{64226A04-112C-4F7A-8D57-FB6AC859EEE7}"
EndProject
Global
	GlobalSection(SolutionConfigurationPlatforms) = preSolution
		Debug|Any CPU = Debug|Any CPU
		Release|Any CPU = Release|Any CPU
	EndGlobalSection
	GlobalSection(ProjectConfigurationPlatforms) = postSolution
		{6C9E17A5-F0C8-4330-A673-2EF38431A675}.Debug|Any CPU.ActiveCfg = Debug|Any CPU
		{6C9E17A5-F0C8-4330-A673-2EF38431A675}.Debug|Any CPU.Build.0 = Debug|Any CPU
		{6C9E17A5-F0C8-4330-A673-2EF38431A675}.Release|Any CPU.ActiveCfg = Release|Any CPU
		{6C9E17A5-F0C8-4330-A673-2EF38431A675}.Release|Any CPU.Build.0 = Release|Any CPU
		{64226A04-112C-4F7A-8D57-FB6AC859EEE7}.Debug|Any CPU.ActiveCfg = Debug|Any CPU
		{64226A04-112C-4F7A-8D57-FB6AC859EEE7}.Debug|Any CPU.Build.0 = Debug|Any CPU
		{64226A04-112C-4F7A-8D57-FB6AC859EEE7}.Release|Any CPU.ActiveCfg = Release|Any CPU
		{64226A04-112C-4F7A-8D57-FB6AC859EEE7}.Release|Any CPU.Build.0 = Release|Any CPU
	EndGlobalSection
	GlobalSection(SolutionProperties) = preSolution
		HideSolutionNode = FALSE
	EndGlobalSection
EndGlobal
