
Microsoft Visual Studio Solution File, Format Version 11.00
# Visual Studio 2010
Project("{FAE04EC0-301F-11D3-BF4B-00C04F79EFBC}") = "Chapter6_Sparklines", "Chapter6_Sparklines\Chapter6_Sparklines.csproj", "{F3A9C6CF-7109-4EA5-8DE1-FFABD7D9AB1C}"
EndProject
Project("{FAE04EC0-301F-11D3-BF4B-00C04F79EFBC}") = "Chapter6_Sparklines.Web", "Chapter6_Sparklines.Web\Chapter6_Sparklines.Web.csproj", "{3F0C184A-D07F-419C-9898-20437763F023}"
EndProject
Global
	GlobalSection(SolutionConfigurationPlatforms) = preSolution
		Debug|Any CPU = Debug|Any CPU
		Release|Any CPU = Release|Any CPU
	EndGlobalSection
	GlobalSection(ProjectConfigurationPlatforms) = postSolution
		{F3A9C6CF-7109-4EA5-8DE1-FFABD7D9AB1C}.Debug|Any CPU.ActiveCfg = Debug|Any CPU
		{F3A9C6CF-7109-4EA5-8DE1-FFABD7D9AB1C}.Debug|Any CPU.Build.0 = Debug|Any CPU
		{F3A9C6CF-7109-4EA5-8DE1-FFABD7D9AB1C}.Release|Any CPU.ActiveCfg = Release|Any CPU
		{F3A9C6CF-7109-4EA5-8DE1-FFABD7D9AB1C}.Release|Any CPU.Build.0 = Release|Any CPU
		{3F0C184A-D07F-419C-9898-20437763F023}.Debug|Any CPU.ActiveCfg = Debug|Any CPU
		{3F0C184A-D07F-419C-9898-20437763F023}.Debug|Any CPU.Build.0 = Debug|Any CPU
		{3F0C184A-D07F-419C-9898-20437763F023}.Release|Any CPU.ActiveCfg = Release|Any CPU
		{3F0C184A-D07F-419C-9898-20437763F023}.Release|Any CPU.Build.0 = Release|Any CPU
	EndGlobalSection
	GlobalSection(SolutionProperties) = preSolution
		HideSolutionNode = FALSE
	EndGlobalSection
EndGlobal
